# THIS IS AN AUTOGENERATED FILE. DO NOT EDIT THIS FILE DIRECTLY.
# yarn lockfile v1


image-size@^1.0.0:
  version "1.0.0"
  resolved "https://registry.yarnpkg.com/image-size/-/image-size-1.0.0.tgz#58b31fe4743b1cec0a0ac26f5c914d3c5b2f0750"
  integrity sha512-JLJ6OwBfO1KcA+TvJT+v8gbE6iWbj24LyDNFgFEN0lzegn6cC6a/p3NIDaepMsJjQjlUWqIC7wJv8lBFxPNjcw==
  dependencies:
    queue "6.0.2"

inherits@~2.0.3:
  version "2.0.4"
  resolved "https://registry.yarnpkg.com/inherits/-/inherits-2.0.4.tgz#0fa2c64f932917c3433a0ded55363aae37416b7c"
  integrity sha512-k/vGaX4/Yla3WzyMCvTQOXYeIHvqOKtnqBduzTHpzpQZzAskKMhZ2K+EnBiSM9zGSoIFeMpXKxa4dYeZIQqewQ==

phaser-assets-loader@^1.0.0:
  version "1.0.0"
  resolved "https://registry.yarnpkg.com/phaser-assets-loader/-/phaser-assets-loader-1.0.0.tgz#d817d14670aa761378db4a7d984f48ec6c639104"
  integrity sha512-pni7iuxEU9hV+ewtgEHzyEP62QarmX965qLqtlXQ1ubff9uWzdG8Yyomq4wm8QVWJUBk+twG9baJ6Ao80d4IaQ==
  dependencies:
    image-size "^1.0.0"

queue@6.0.2:
  version "6.0.2"
  resolved "https://registry.yarnpkg.com/queue/-/queue-6.0.2.tgz#b91525283e2315c7553d2efa18d83e76432fed65"
  integrity sha512-iHZWu+q3IdFZFX36ro/lKBkSvfkztY5Y7HMiPlOUjhupPcG2JMfst2KKEpu5XndviX/3UhFbRngUPNKtgvtZiA==
  dependencies:
    inherits "~2.0.3"
